// !$*UTF8*$!
{
	archiveVersion = 1;
	classes = {
	};
	objectVersion = 50;
	objects = {

/* Begin PBXBuildFile section */
		77A1D040231DBAD6008F14CC /* AppDelegate.swift in Sources */ = {isa = PBXBuildFile; fileRef = 77A1D03F231DBAD6008F14CC /* AppDelegate.swift */; };
		77A1D042231DBAD6008F14CC /* SceneDelegate.swift in Sources */ = {isa = PBXBuildFile; fileRef = 77A1D041231DBAD6008F14CC /* SceneDelegate.swift */; };
		77A1D044231DBAD6008F14CC /* ContentView.swift in Sources */ = {isa = PBXBuildFile; fileRef = 77A1D043231DBAD6008F14CC /* ContentView.swift */; };
		77A1D046231DBAD7008F14CC /* Assets.xcassets in Resources */ = {isa = PBXBuildFile; fileRef = 77A1D045231DBAD7008F14CC /* Assets.xcassets */; };
		77A1D049231DBAD7008F14CC /* Preview Assets.xcassets in Resources */ = {isa = PBXBuildFile; fileRef = 77A1D048231DBAD7008F14CC /* Preview Assets.xcassets */; };
		77A1D04C231DBAD7008F14CC /* LaunchScreen.storyboard in Resources */ = {isa = PBXBuildFile; fileRef = 77A1D04A231DBAD7008F14CC /* LaunchScreen.storyboard */; };
/* End PBXBuildFile section */

/* Begin PBXFileReference section */
		77A1D03C231DBAD6008F14CC /* Binding-Demo.app */ = {isa = PBXFileReference; explicitFileType = wrapper.application; includeInIndex = 0; path = "Binding-Demo.app"; sourceTree = BUILT_PRODUCTS_DIR; };
		77A1D03F231DBAD6008F14CC /* AppDelegate.swift */ = {isa = PBXFileReference; lastKnownFileType = sourcecode.swift; path = AppDelegate.swift; sourceTree = "<group>"; };
		77A1D041231DBAD6008F14CC /* SceneDelegate.swift */ = {isa = PBXFileReference; lastKnownFileType = sourcecode.swift; path = SceneDelegate.swift; sourceTree = "<group>"; };
		77A1D043231DBAD6008F14CC /* ContentView.swift */ = {isa = PBXFileReference; lastKnownFileType = sourcecode.swift; path = ContentView.swift; sourceTree = "<group>"; };
		77A1D045231DBAD7008F14CC /* Assets.xcassets */ = {isa = PBXFileReference; lastKnownFileType = folder.assetcatalog; path = Assets.xcassets; sourceTree = "<group>"; };
		77A1D048231DBAD7008F14CC /* Preview Assets.xcassets */ = {isa = PBXFileReference; lastKnownFileType = folder.assetcatalog; path = "Preview Assets.xcassets"; sourceTree = "<group>"; };
		77A1D04B231DBAD7008F14CC /* Base */ = {isa = PBXFileReference; lastKnownFileType = file.storyboard; name = Base; path = Base.lproj/LaunchScreen.storyboard; sourceTree = "<group>"; };
		77A1D04D231DBAD7008F14CC /* Info.plist */ = {isa = PBXFileReference; lastKnownFileType = text.plist.xml; path = Info.plist; sourceTree = "<group>"; };
/* End PBXFileReference section */

/* Begin PBXFrameworksBuildPhase section */
		77A1D039231DBAD6008F14CC /* Frameworks */ = {
			isa = PBXFrameworksBuildPhase;
			buildActionMask = 2147483647;
			files = (
			);
			runOnlyForDeploymentPostprocessing = 0;
		};
/* End PBXFrameworksBuildPhase section */

/* Begin PBXGroup section */
		77A1D033231DBAD6008F14CC = {
			isa = PBXGroup;
			children = (
				77A1D03E231DBAD6008F14CC /* Binding-Demo */,
				77A1D03D231DBAD6008F14CC /* Products */,
			);
			sourceTree = "<group>";
		};
		77A1D03D231DBAD6008F14CC /* Products */ = {
			isa = PBXGroup;
			children = (
				77A1D03C231DBAD6008F14CC /* Binding-Demo.app */,
			);
			name = Products;
			sourceTree = "<group>";
		};
		77A1D03E231DBAD6008F14CC /* Binding-Demo */ = {
			isa = PBXGroup;
			children = (
				77A1D03F231DBAD6008F14CC /* AppDelegate.swift */,
				77A1D041231DBAD6008F14CC /* SceneDelegate.swift */,
				77A1D043231DBAD6008F14CC /* ContentView.swift */,
				77A1D045231DBAD7008F14CC /* Assets.xcassets */,
				77A1D04A231DBAD7008F14CC /* LaunchScreen.storyboard */,
				77A1D04D231DBAD7008F14CC /* Info.plist */,
				77A1D047231DBAD7008F14CC /* Preview Content */,
			);
			path = "Binding-Demo";
			sourceTree = "<group>";
		};
		77A1D047231DBAD7008F14CC /* Preview Content */ = {
			isa = PBXGroup;
			children = (
				77A1D048231DBAD7008F14CC /* Preview Assets.xcassets */,
			);
			path = "Preview Content";
			sourceTree = "<group>";
		};
/* End PBXGroup section */

/* Begin PBXNativeTarget section */
		77A1D03B231DBAD6008F14CC /* Binding-Demo */ = {
			isa = PBXNativeTarget;
			buildConfigurationList = 77A1D050231DBAD7008F14CC /* Build configuration list for PBXNativeTarget "Binding-Demo" */;
			buildPhases = (
				77A1D038231DBAD6008F14CC /* Sources */,
				77A1D039231DBAD6008F14CC /* Frameworks */,
				77A1D03A231DBAD6008F14CC /* Resources */,
			);
			buildRules = (
			);
			dependencies = (
			);
			name = "Binding-Demo";
			productName = "Binding-Demo";
			productReference = 77A1D03C231DBAD6008F14CC /* Binding-Demo.app */;
			productType = "com.apple.product-type.application";
		};
/* End PBXNativeTarget section */

/* Begin PBXProject section */
		77A1D034231DBAD6008F14CC /* Project object */ = {
			isa = PBXProject;
			attributes = {
				LastSwiftUpdateCheck = 1100;
				LastUpgradeCheck = 1100;
				ORGANIZATIONNAME = "Mayur Rathod";
				TargetAttributes = {
					77A1D03B231DBAD6008F14CC = {
						CreatedOnToolsVersion = 11.0;
					};
				};
			};
			buildConfigurationList = 77A1D037231DBAD6008F14CC /* Build configuration list for PBXProject "Binding-Demo" */;
			compatibilityVersion = "Xcode 9.3";
			developmentRegion = en;
			hasScannedForEncodings = 0;
			knownRegions = (
				en,
				Base,
			);
			mainGroup = 77A1D033231DBAD6008F14CC;
			productRefGroup = 77A1D03D231DBAD6008F14CC /* Products */;
			projectDirPath = "";
			projectRoot = "";
			targets = (
				77A1D03B231DBAD6008F14CC /* Binding-Demo */,
			);
		};
/* End PBXProject section */

/* Begin PBXResourcesBuildPhase section */
		77A1D03A231DBAD6008F14CC /* Resources */ = {
			isa = PBXResourcesBuildPhase;
			buildActionMask = 2147483647;
			files = (
				77A1D04C231DBAD7008F14CC /* LaunchScreen.storyboard in Resources */,
				77A1D049231DBAD7008F14CC /* Preview Assets.xcassets in Resources */,
				77A1D046231DBAD7008F14CC /* Assets.xcassets in Resources */,
			);
			runOnlyForDeploymentPostprocessing = 0;
		};
/* End PBXResourcesBuildPhase section */

/* Begin PBXSourcesBuildPhase section */
		77A1D038231DBAD6008F14CC /* Sources */ = {
			isa = PBXSourcesBuildPhase;
			buildActionMask = 2147483647;
			files = (
				77A1D040231DBAD6008F14CC /* AppDelegate.swift in Sources */,
				77A1D042231DBAD6008F14CC /* SceneDelegate.swift in Sources */,
				77A1D044231DBAD6008F14CC /* ContentView.swift in Sources */,
			);
			runOnlyForDeploymentPostprocessing = 0;
		};
/* End PBXSourcesBuildPhase section */

/* Begin PBXVariantGroup section */
		77A1D04A231DBAD7008F14CC /* LaunchScreen.storyboard */ = {
			isa = PBXVariantGroup;
			children = (
				77A1D04B231DBAD7008F14CC /* Base */,
			);
			name = LaunchScreen.storyboard;
			sourceTree = "<group>";
		};
/* End PBXVariantGroup section */

/* Begin XCBuildConfiguration section */
		77A1D04E231DBAD7008F14CC /* Debug */ = {
			isa = XCBuildConfiguration;
			buildSettings = {
				ALWAYS_SEARCH_USER_PATHS = NO;
				CLANG_ANALYZER_NONNULL = YES;
				CLANG_ANALYZER_NUMBER_OBJECT_CONVERSION = YES_AGGRESSIVE;
				CLANG_CXX_LANGUAGE_STANDARD = "gnu++14";
				CLANG_CXX_LIBRARY = "libc++";
				CLANG_ENABLE_MODULES = YES;
				CLANG_ENABLE_OBJC_ARC = YES;
				CLANG_ENABLE_OBJC_WEAK = YES;
				CLANG_WARN_BLOCK_CAPTURE_AUTORELEASING = YES;
				CLANG_WARN_BOOL_CONVERSION = YES;
				CLANG_WARN_COMMA = YES;
				CLANG_WARN_CONSTANT_CONVERSION = YES;
				CLANG_WARN_DEPRECATED_OBJC_IMPLEMENTATIONS = YES;
				CLANG_WARN_DIRECT_OBJC_ISA_USAGE = YES_ERROR;
				CLANG_WARN_DOCUMENTATION_COMMENTS = YES;
				CLANG_WARN_EMPTY_BODY = YES;
				CLANG_WARN_ENUM_CONVERSION = YES;
				CLANG_WARN_INFINITE_RECURSION = YES;
				CLANG_WARN_INT_CONVERSION = YES;
				CLANG_WARN_NON_LITERAL_NULL_CONVERSION = YES;
				CLANG_WARN_OBJC_IMPLICIT_RETAIN_SELF = YES;
				CLANG_WARN_OBJC_LITERAL_CONVERSION = YES;
				CLANG_WARN_OBJC_ROOT_CLASS = YES_ERROR;
				CLANG_WARN_RANGE_LOOP_ANALYSIS = YES;
				CLANG_WARN_STRICT_PROTOTYPES = YES;
				CLANG_WARN_SUSPICIOUS_MOVE = YES;
				CLANG_WARN_UNGUARDED_AVAILABILITY = YES_AGGRESSIVE;
				CLANG_WARN_UNREACHABLE_CODE = YES;
				CLANG_WARN__DUPLICATE_METHOD_MATCH = YES;
				COPY_PHASE_STRIP = NO;
				DEBUG_INFORMATION_FORMAT = dwarf;
				ENABLE_STRICT_OBJC_MSGSEND = YES;
				ENABLE_TESTABILITY = YES;
				GCC_C_LANGUAGE_STANDARD = gnu11;
				GCC_DYNAMIC_NO_PIC = NO;
				GCC_NO_COMMON_BLOCKS = YES;
				GCC_OPTIMIZATION_LEVEL = 0;
				GCC_PREPROCESSOR_DEFINITIONS = (
					"DEBUG=1",
					"$(inherited)",
				);
				GCC_WARN_64_TO_32_BIT_CONVERSION = YES;
				GCC_WARN_ABOUT_RETURN_TYPE = YES_ERROR;
				GCC_WARN_UNDECLARED_SELECTOR = YES;
				GCC_WARN_UNINITIALIZED_AUTOS = YES_AGGRESSIVE;
				GCC_WARN_UNUSED_FUNCTION = YES;
				GCC_WARN_UNUSED_VARIABLE = YES;
				IPHONEOS_DEPLOYMENT_TARGET = 13.0;
				MTL_ENABLE_DEBUG_INFO = INCLUDE_SOURCE;
				MTL_FAST_MATH = YES;
				ONLY_ACTIVE_ARCH = YES;
				SDKROOT = iphoneos;
				SWIFT_ACTIVE_COMPILATION_CONDITIONS = DEBUG;
				SWIFT_OPTIMIZATION_LEVEL = "-Onone";
			};
			name = Debug;
		};
		77A1D04F231DBAD7008F14CC /* Release */ = {
			isa = XCBuildConfiguration;
			buildSettings = {
				ALWAYS_SEARCH_USER_PATHS = NO;
				CLANG_ANALYZER_NONNULL = YES;
				CLANG_ANALYZER_NUMBER_OBJECT_CONVERSION = YES_AGGRESSIVE;
				CLANG_CXX_LANGUAGE_STANDARD = "gnu++14";
				CLANG_CXX_LIBRARY = "libc++";
				CLANG_ENABLE_MODULES = YES;
				CLANG_ENABLE_OBJC_ARC = YES;
				CLANG_ENABLE_OBJC_WEAK = YES;
				CLANG_WARN_BLOCK_CAPTURE_AUTORELEASING = YES;
				CLANG_WARN_BOOL_CONVERSION = YES;
				CLANG_WARN_COMMA = YES;
				CLANG_WARN_CONSTANT_CONVERSION = YES;
				CLANG_WARN_DEPRECATED_OBJC_IMPLEMENTATIONS = YES;
				CLANG_WARN_DIRECT_OBJC_ISA_USAGE = YES_ERROR;
				CLANG_WARN_DOCUMENTATION_COMMENTS = YES;
				CLANG_WARN_EMPTY_BODY = YES;
				CLANG_WARN_ENUM_CONVERSION = YES;
				CLANG_WARN_INFINITE_RECURSION = YES;
				CLANG_WARN_INT_CONVERSION = YES;
				CLANG_WARN_NON_LITERAL_NULL_CONVERSION = YES;
				CLANG_WARN_OBJC_IMPLICIT_RETAIN_SELF = YES;
				CLANG_WARN_OBJC_LITERAL_CONVERSION = YES;
				CLANG_WARN_OBJC_ROOT_CLASS = YES_ERROR;
				CLANG_WARN_RANGE_LOOP_ANALYSIS = YES;
				CLANG_WARN_STRICT_PROTOTYPES = YES;
				CLANG_WARN_SUSPICIOUS_MOVE = YES;
				CLANG_WARN_UNGUARDED_AVAILABILITY = YES_AGGRESSIVE;
				CLANG_WARN_UNREACHABLE_CODE = YES;
				CLANG_WARN__DUPLICATE_METHOD_MATCH = YES;
				COPY_PHASE_STRIP = NO;
				DEBUG_INFORMATION_FORMAT = "dwarf-with-dsym";
				ENABLE_NS_ASSERTIONS = NO;
				ENABLE_STRICT_OBJC_MSGSEND = YES;
				GCC_C_LANGUAGE_STANDARD = gnu11;
				GCC_NO_COMMON_BLOCKS = YES;
				GCC_WARN_64_TO_32_BIT_CONVERSION = YES;
				GCC_WARN_ABOUT_RETURN_TYPE = YES_ERROR;
				GCC_WARN_UNDECLARED_SELECTOR = YES;
				GCC_WARN_UNINITIALIZED_AUTOS = YES_AGGRESSIVE;
				GCC_WARN_UNUSED_FUNCTION = YES;
				GCC_WARN_UNUSED_VARIABLE = YES;
				IPHONEOS_DEPLOYMENT_TARGET = 13.0;
				MTL_ENABLE_DEBUG_INFO = NO;
				MTL_FAST_MATH = YES;
				SDKROOT = iphoneos;
				SWIFT_COMPILATION_MODE = wholemodule;
				SWIFT_OPTIMIZATION_LEVEL = "-O";
				VALIDATE_PRODUCT = YES;
			};
			name = Release;
		};
		77A1D051231DBAD7008F14CC /* Debug */ = {
			isa = XCBuildConfiguration;
			buildSettings = {
				ASSETCATALOG_COMPILER_APPICON_NAME = AppIcon;
				CODE_SIGN_STYLE = Automatic;
				DEVELOPMENT_ASSET_PATHS = "\"Binding-Demo/Preview Content\"";
				DEVELOPMENT_TEAM = AFBHHNX58G;
				ENABLE_PREVIEWS = YES;
				INFOPLIST_FILE = "Binding-Demo/Info.plist";
				LD_RUNPATH_SEARCH_PATHS = (
					"$(inherited)",
					"@executable_path/Frameworks",
				);
				PRODUCT_BUNDLE_IDENTIFIER = "com.mayur.Binding-Demo";
				PRODUCT_NAME = "$(TARGET_NAME)";
				SWIFT_VERSION = 5.0;
				TARGETED_DEVICE_FAMILY = "1,2";
			};
			name = Debug;
		};
		77A1D052231DBAD7008F14CC /* Release */ = {
			isa = XCBuildConfiguration;
			buildSettings = {
				ASSETCATALOG_COMPILER_APPICON_NAME = AppIcon;
				CODE_SIGN_STYLE = Automatic;
				DEVELOPMENT_ASSET_PATHS = "\"Binding-Demo/Preview Content\"";
				DEVELOPMENT_TEAM = AFBHHNX58G;
				ENABLE_PREVIEWS = YES;
				INFOPLIST_FILE = "Binding-Demo/Info.plist";
				LD_RUNPATH_SEARCH_PATHS = (
					"$(inherited)",
					"@executable_path/Frameworks",
				);
				PRODUCT_BUNDLE_IDENTIFIER = "com.mayur.Binding-Demo";
				PRODUCT_NAME = "$(TARGET_NAME)";
				SWIFT_VERSION = 5.0;
				TARGETED_DEVICE_FAMILY = "1,2";
			};
			name = Release;
		};
/* End XCBuildConfiguration section */

/* Begin XCConfigurationList section */
		77A1D037231DBAD6008F14CC /* Build configuration list for PBXProject "Binding-Demo" */ = {
			isa = XCConfigurationList;
			buildConfigurations = (
				77A1D04E231DBAD7008F14CC /* Debug */,
				77A1D04F231DBAD7008F14CC /* Release */,
			);
			defaultConfigurationIsVisible = 0;
			defaultConfigurationName = Release;
		};
		77A1D050231DBAD7008F14CC /* Build configuration list for PBXNativeTarget "Binding-Demo" */ = {
			isa = XCConfigurationList;
			buildConfigurations = (
				77A1D051231DBAD7008F14CC /* Debug */,
				77A1D052231DBAD7008F14CC /* Release */,
			);
			defaultConfigurationIsVisible = 0;
			defaultConfigurationName = Release;
		};
/* End XCConfigurationList section */
	};
	rootObject = 77A1D034231DBAD6008F14CC /* Project object */;
}
